
Microsoft Visual Studio Solution File, Format Version 12.00
# Visual Studio 15
VisualStudioVersion = 15.0.28307.421
MinimumVisualStudioVersion = 10.0.40219.1
Project("{FAE04EC0-301F-11D3-BF4B-00C04F79EFBC}") = "CHASTANAL", "CHASTANAL\CHASTANAL.csproj", "{B30764B7-0FA9-49D1-ADC2-2236EBD3EC23}"
EndProject
Global
	GlobalSection(SolutionConfigurationPlatforms) = preSolution
		Debug|Any CPU = Debug|Any CPU
		Release|Any CPU = Release|Any CPU
	EndGlobalSection
	GlobalSection(ProjectConfigurationPlatforms) = postSolution
		{B30764B7-0FA9-49D1-ADC2-2236EBD3EC23}.Debug|Any CPU.ActiveCfg = Debug|Any CPU
		{B30764B7-0FA9-49D1-ADC2-2236EBD3EC23}.Debug|Any CPU.Build.0 = Debug|Any CPU
		{B30764B7-0FA9-49D1-ADC2-2236EBD3EC23}.Release|Any CPU.ActiveCfg = Release|Any CPU
		{B30764B7-0FA9-49D1-ADC2-2236EBD3EC23}.Release|Any CPU.Build.0 = Release|Any CPU
	EndGlobalSection
	GlobalSection(SolutionProperties) = preSolution
		HideSolutionNode = FALSE
	EndGlobalSection
	GlobalSection(ExtensibilityGlobals) = postSolution
		SolutionGuid = {DABA25ED-D5DD-4694-A961-8797E6DA79C6}
	EndGlobalSection
EndGlobal
